
Microsoft Visual Studio Solution File, Format Version 12.00
# Visual Studio 14
VisualStudioVersion = 14.0.24720.0
MinimumVisualStudioVersion = 10.0.40219.1
Project("{FAE04EC0-301F-11D3-BF4B-00C04F79EFBC}") = "Landmine.Web", "LandmineWeb\Landmine.Web.csproj", "{472A4CE9-7B1F-4C68-9D14-FE3DF442FAB3}"
EndProject
Project("{FAE04EC0-301F-11D3-BF4B-00C04F79EFBC}") = "Landmine.Domain", "Landmine.Domain\Landmine.Domain.csproj", "{EBDEA56F-A606-4DD5-AA90-FDC9C12E75E9}"
EndProject
Project("{FAE04EC0-301F-11D3-BF4B-00C04F79EFBC}") = "Landmine.Tests", "Landmine.Tests\Landmine.Tests.csproj", "{CD335D0D-77D7-4408-9F7D-9BBD8F045B8C}"
EndProject
Global
	GlobalSection(SolutionConfigurationPlatforms) = preSolution
		Debug|Any CPU = Debug|Any CPU
		Release|Any CPU = Release|Any CPU
	EndGlobalSection
	GlobalSection(ProjectConfigurationPlatforms) = postSolution
		{472A4CE9-7B1F-4C68-9D14-FE3DF442FAB3}.Debug|Any CPU.ActiveCfg = Debug|Any CPU
		{472A4CE9-7B1F-4C68-9D14-FE3DF442FAB3}.Debug|Any CPU.Build.0 = Debug|Any CPU
		{472A4CE9-7B1F-4C68-9D14-FE3DF442FAB3}.Release|Any CPU.ActiveCfg = Release|Any CPU
		{472A4CE9-7B1F-4C68-9D14-FE3DF442FAB3}.Release|Any CPU.Build.0 = Release|Any CPU
		{EBDEA56F-A606-4DD5-AA90-FDC9C12E75E9}.Debug|Any CPU.ActiveCfg = Debug|Any CPU
		{EBDEA56F-A606-4DD5-AA90-FDC9C12E75E9}.Debug|Any CPU.Build.0 = Debug|Any CPU
		{EBDEA56F-A606-4DD5-AA90-FDC9C12E75E9}.Release|Any CPU.ActiveCfg = Release|Any CPU
		{EBDEA56F-A606-4DD5-AA90-FDC9C12E75E9}.Release|Any CPU.Build.0 = Release|Any CPU
		{CD335D0D-77D7-4408-9F7D-9BBD8F045B8C}.Debug|Any CPU.ActiveCfg = Debug|Any CPU
		{CD335D0D-77D7-4408-9F7D-9BBD8F045B8C}.Debug|Any CPU.Build.0 = Debug|Any CPU
		{CD335D0D-77D7-4408-9F7D-9BBD8F045B8C}.Release|Any CPU.ActiveCfg = Release|Any CPU
		{CD335D0D-77D7-4408-9F7D-9BBD8F045B8C}.Release|Any CPU.Build.0 = Release|Any CPU
	EndGlobalSection
	GlobalSection(SolutionProperties) = preSolution
		HideSolutionNode = FALSE
	EndGlobalSection
EndGlobal
